
Microsoft Visual Studio Solution File, Format Version 12.00
# Visual Studio Version 17
VisualStudioVersion = 17.1.32228.430
MinimumVisualStudioVersion = 10.0.40219.1
Project("{FAE04EC0-301F-11D3-BF4B-00C04F79EFBC}") = "ApiLibros", "ApiLibros\ApiLibros.csproj", "{0FD0A561-F03F-4809-84A8-FC926B127D3C}"
EndProject
Global
	GlobalSection(SolutionConfigurationPlatforms) = preSolution
		Debug|Any CPU = Debug|Any CPU
		Release|Any CPU = Release|Any CPU
	EndGlobalSection
	GlobalSection(ProjectConfigurationPlatforms) = postSolution
		{0FD0A561-F03F-4809-84A8-FC926B127D3C}.Debug|Any CPU.ActiveCfg = Debug|Any CPU
		{0FD0A561-F03F-4809-84A8-FC926B127D3C}.Debug|Any CPU.Build.0 = Debug|Any CPU
		{0FD0A561-F03F-4809-84A8-FC926B127D3C}.Release|Any CPU.ActiveCfg = Release|Any CPU
		{0FD0A561-F03F-4809-84A8-FC926B127D3C}.Release|Any CPU.Build.0 = Release|Any CPU
	EndGlobalSection
	GlobalSection(SolutionProperties) = preSolution
		HideSolutionNode = FALSE
	EndGlobalSection
	GlobalSection(ExtensibilityGlobals) = postSolution
		SolutionGuid = {F77199EA-58C1-4525-86DD-1CF8BF3E543E}
	EndGlobalSection
EndGlobal
